
Microsoft Visual Studio Solution File, Format Version 12.00
Project("{2150E333-8FDC-42A3-9474-1A3956D46DE8}") = "Domain", "Domain", "{D00187C0-FA5E-461C-9147-C131384B88FE}"
EndProject
Project("{FAE04EC0-301F-11D3-BF4B-00C04F79EFBC}") = "Diplom.Domain.Helpers", "Diplom.Domain.Helpers\Diplom.Domain.Helpers.csproj", "{9B4D46C5-B40C-4378-B046-1D42710B6D98}"
EndProject
Project("{2150E333-8FDC-42A3-9474-1A3956D46DE8}") = "Math", "Math", "{9C8E29BD-28A8-48DD-9D8D-81F7D81F8AF9}"
EndProject
Project("{FAE04EC0-301F-11D3-BF4B-00C04F79EFBC}") = "Diplom.Math.Domain", "Diplom.Math.Domain\Diplom.Math.Domain.csproj", "{982CA1D8-B213-49C4-9362-AB78D6C42FC9}"
EndProject
Project("{FAE04EC0-301F-11D3-BF4B-00C04F79EFBC}") = "Diplom.Domain.Extensions", "Diplom.Domain.Extensions\Diplom.Domain.Extensions.csproj", "{6E5B7F96-E6C9-4163-AC13-C6902CF9D016}"
EndProject
Project("{FAE04EC0-301F-11D3-BF4B-00C04F79EFBC}") = "Diplom.App", "Diplom.App\Diplom.App.csproj", "{9AA39E1B-8A48-4EB3-862E-29773E42E6D9}"
EndProject
Project("{FAE04EC0-301F-11D3-BF4B-00C04F79EFBC}") = "Diplom.Math.VerticesDegreesVector", "Diplom.Math.VerticesDegreesVector\Diplom.Math.VerticesDegreesVector.csproj", "{25A385B9-C7A3-4FF9-BC3F-5036EDBD9D51}"
EndProject
Project("{FAE04EC0-301F-11D3-BF4B-00C04F79EFBC}") = "Diplom.Math.Encryptor", "Diplom.Math.Encryptor\Diplom.Math.Encryptor.csproj", "{55898EE1-08FE-4982-B2D1-50D4BB478780}"
EndProject
Global
	GlobalSection(SolutionConfigurationPlatforms) = preSolution
		Debug|Any CPU = Debug|Any CPU
		Release|Any CPU = Release|Any CPU
	EndGlobalSection
	GlobalSection(ProjectConfigurationPlatforms) = postSolution
		{9B4D46C5-B40C-4378-B046-1D42710B6D98}.Debug|Any CPU.ActiveCfg = Debug|Any CPU
		{9B4D46C5-B40C-4378-B046-1D42710B6D98}.Debug|Any CPU.Build.0 = Debug|Any CPU
		{9B4D46C5-B40C-4378-B046-1D42710B6D98}.Release|Any CPU.ActiveCfg = Release|Any CPU
		{9B4D46C5-B40C-4378-B046-1D42710B6D98}.Release|Any CPU.Build.0 = Release|Any CPU
		{982CA1D8-B213-49C4-9362-AB78D6C42FC9}.Debug|Any CPU.ActiveCfg = Debug|Any CPU
		{982CA1D8-B213-49C4-9362-AB78D6C42FC9}.Debug|Any CPU.Build.0 = Debug|Any CPU
		{982CA1D8-B213-49C4-9362-AB78D6C42FC9}.Release|Any CPU.ActiveCfg = Release|Any CPU
		{982CA1D8-B213-49C4-9362-AB78D6C42FC9}.Release|Any CPU.Build.0 = Release|Any CPU
		{6E5B7F96-E6C9-4163-AC13-C6902CF9D016}.Debug|Any CPU.ActiveCfg = Debug|Any CPU
		{6E5B7F96-E6C9-4163-AC13-C6902CF9D016}.Debug|Any CPU.Build.0 = Debug|Any CPU
		{6E5B7F96-E6C9-4163-AC13-C6902CF9D016}.Release|Any CPU.ActiveCfg = Release|Any CPU
		{6E5B7F96-E6C9-4163-AC13-C6902CF9D016}.Release|Any CPU.Build.0 = Release|Any CPU
		{9AA39E1B-8A48-4EB3-862E-29773E42E6D9}.Debug|Any CPU.ActiveCfg = Debug|Any CPU
		{9AA39E1B-8A48-4EB3-862E-29773E42E6D9}.Debug|Any CPU.Build.0 = Debug|Any CPU
		{9AA39E1B-8A48-4EB3-862E-29773E42E6D9}.Release|Any CPU.ActiveCfg = Release|Any CPU
		{9AA39E1B-8A48-4EB3-862E-29773E42E6D9}.Release|Any CPU.Build.0 = Release|Any CPU
		{25A385B9-C7A3-4FF9-BC3F-5036EDBD9D51}.Debug|Any CPU.ActiveCfg = Debug|Any CPU
		{25A385B9-C7A3-4FF9-BC3F-5036EDBD9D51}.Debug|Any CPU.Build.0 = Debug|Any CPU
		{25A385B9-C7A3-4FF9-BC3F-5036EDBD9D51}.Release|Any CPU.ActiveCfg = Release|Any CPU
		{25A385B9-C7A3-4FF9-BC3F-5036EDBD9D51}.Release|Any CPU.Build.0 = Release|Any CPU
		{55898EE1-08FE-4982-B2D1-50D4BB478780}.Debug|Any CPU.ActiveCfg = Debug|Any CPU
		{55898EE1-08FE-4982-B2D1-50D4BB478780}.Debug|Any CPU.Build.0 = Debug|Any CPU
		{55898EE1-08FE-4982-B2D1-50D4BB478780}.Release|Any CPU.ActiveCfg = Release|Any CPU
		{55898EE1-08FE-4982-B2D1-50D4BB478780}.Release|Any CPU.Build.0 = Release|Any CPU
	EndGlobalSection
	GlobalSection(NestedProjects) = preSolution
		{9B4D46C5-B40C-4378-B046-1D42710B6D98} = {D00187C0-FA5E-461C-9147-C131384B88FE}
		{982CA1D8-B213-49C4-9362-AB78D6C42FC9} = {9C8E29BD-28A8-48DD-9D8D-81F7D81F8AF9}
		{6E5B7F96-E6C9-4163-AC13-C6902CF9D016} = {D00187C0-FA5E-461C-9147-C131384B88FE}
		{25A385B9-C7A3-4FF9-BC3F-5036EDBD9D51} = {9C8E29BD-28A8-48DD-9D8D-81F7D81F8AF9}
		{55898EE1-08FE-4982-B2D1-50D4BB478780} = {9C8E29BD-28A8-48DD-9D8D-81F7D81F8AF9}
	EndGlobalSection
EndGlobal
